
Microsoft Visual Studio Solution File, Format Version 12.00
# Visual Studio Version 16
VisualStudioVersion = 16.0.31321.278
MinimumVisualStudioVersion = 10.0.40219.1
Project("{FAE04EC0-301F-11D3-BF4B-00C04F79EFBC}") = "LibraryManagement", "LibraryManagement\LibraryManagement.csproj", "{29CA91BD-4077-4C08-9611-10A0C0FDECB8}"
EndProject
Project("{FAE04EC0-301F-11D3-BF4B-00C04F79EFBC}") = "LibraryManagement.Tests", "LibraryManagement.Tests\LibraryManagement.Tests.csproj", "{D5751EF4-92B5-44E7-BA2D-829DB4D1E99D}"
EndProject
Global
	GlobalSection(SolutionConfigurationPlatforms) = preSolution
		Debug|Any CPU = Debug|Any CPU
		Release|Any CPU = Release|Any CPU
	EndGlobalSection
	GlobalSection(ProjectConfigurationPlatforms) = postSolution
		{29CA91BD-4077-4C08-9611-10A0C0FDECB8}.Debug|Any CPU.ActiveCfg = Debug|Any CPU
		{29CA91BD-4077-4C08-9611-10A0C0FDECB8}.Debug|Any CPU.Build.0 = Debug|Any CPU
		{29CA91BD-4077-4C08-9611-10A0C0FDECB8}.Release|Any CPU.ActiveCfg = Release|Any CPU
		{29CA91BD-4077-4C08-9611-10A0C0FDECB8}.Release|Any CPU.Build.0 = Release|Any CPU
		{D5751EF4-92B5-44E7-BA2D-829DB4D1E99D}.Debug|Any CPU.ActiveCfg = Debug|Any CPU
		{D5751EF4-92B5-44E7-BA2D-829DB4D1E99D}.Debug|Any CPU.Build.0 = Debug|Any CPU
		{D5751EF4-92B5-44E7-BA2D-829DB4D1E99D}.Release|Any CPU.ActiveCfg = Release|Any CPU
		{D5751EF4-92B5-44E7-BA2D-829DB4D1E99D}.Release|Any CPU.Build.0 = Release|Any CPU
	EndGlobalSection
	GlobalSection(SolutionProperties) = preSolution
		HideSolutionNode = FALSE
	EndGlobalSection
	GlobalSection(ExtensibilityGlobals) = postSolution
		SolutionGuid = {BB978223-8561-4FB1-B869-409306F52484}
	EndGlobalSection
EndGlobal
